
Microsoft Visual Studio Solution File, Format Version 12.00
# Visual Studio Version 16
VisualStudioVersion = 16.0.30320.27
MinimumVisualStudioVersion = 10.0.40219.1
Project("{9A19103F-16F7-4668-BE54-9A1E7A4F7556}") = "NNLib", "NNLib\NNLib.csproj", "{BF9E520C-FF0F-46DB-966E-564ED3163880}"
EndProject
Global
	GlobalSection(SolutionConfigurationPlatforms) = preSolution
		Debug|Any CPU = Debug|Any CPU
		Release|Any CPU = Release|Any CPU
	EndGlobalSection
	GlobalSection(ProjectConfigurationPlatforms) = postSolution
		{BF9E520C-FF0F-46DB-966E-564ED3163880}.Debug|Any CPU.ActiveCfg = Debug|Any CPU
		{BF9E520C-FF0F-46DB-966E-564ED3163880}.Debug|Any CPU.Build.0 = Debug|Any CPU
		{BF9E520C-FF0F-46DB-966E-564ED3163880}.Release|Any CPU.ActiveCfg = Release|Any CPU
		{BF9E520C-FF0F-46DB-966E-564ED3163880}.Release|Any CPU.Build.0 = Release|Any CPU
	EndGlobalSection
	GlobalSection(SolutionProperties) = preSolution
		HideSolutionNode = FALSE
	EndGlobalSection
	GlobalSection(ExtensibilityGlobals) = postSolution
		SolutionGuid = {C0486407-215A-4E50-8E8A-C6DCA08CDA3A}
	EndGlobalSection
EndGlobal
